// !$*UTF8*$!
{
	archiveVersion = 1;
	classes = {
	};
	objectVersion = 56;
	objects = {

/* Begin PBXBuildFile section */
		8D751437292124860057E1D2 /* ProfileEditor.swift in Sources */ = {isa = PBXBuildFile; fileRef = 8D751436292124860057E1D2 /* ProfileEditor.swift */; };
		8DDEC14F29217AEB00EB7169 /* PageViewController.swift in Sources */ = {isa = PBXBuildFile; fileRef = 8DDEC14E29217AEB00EB7169 /* PageViewController.swift */; };
		8DDEC1512921801A00EB7169 /* FeatureCard.swift in Sources */ = {isa = PBXBuildFile; fileRef = 8DDEC1502921801A00EB7169 /* FeatureCard.swift */; };
		8DDEC1532921855700EB7169 /* PageView.swift in Sources */ = {isa = PBXBuildFile; fileRef = 8DDEC1522921855700EB7169 /* PageView.swift */; };
		DC12300A29043E10001EB865 /* LandmarksApp.swift in Sources */ = {isa = PBXBuildFile; fileRef = DC12300929043E10001EB865 /* LandmarksApp.swift */; };
		DC12300C29043E10001EB865 /* ContentView.swift in Sources */ = {isa = PBXBuildFile; fileRef = DC12300B29043E10001EB865 /* ContentView.swift */; };
		DC12300E29043E12001EB865 /* Assets.xcassets in Resources */ = {isa = PBXBuildFile; fileRef = DC12300D29043E12001EB865 /* Assets.xcassets */; };
		DC12301129043E12001EB865 /* Preview Assets.xcassets in Resources */ = {isa = PBXBuildFile; fileRef = DC12301029043E12001EB865 /* Preview Assets.xcassets */; };
		DC12301829044A10001EB865 /* CircleImage.swift in Sources */ = {isa = PBXBuildFile; fileRef = DC12301729044A10001EB865 /* CircleImage.swift */; };
		DC12301A29044A73001EB865 /* MapView.swift in Sources */ = {isa = PBXBuildFile; fileRef = DC12301929044A73001EB865 /* MapView.swift */; };
		DC12301E29044C6A001EB865 /* Landmark.swift in Sources */ = {isa = PBXBuildFile; fileRef = DC12301D29044C6A001EB865 /* Landmark.swift */; };
		DC12302029044E6B001EB865 /* ModelData.swift in Sources */ = {isa = PBXBuildFile; fileRef = DC12301F29044E6B001EB865 /* ModelData.swift */; };
		DC123027290453D9001EB865 /* landmarkData.json in Resources */ = {isa = PBXBuildFile; fileRef = DC123026290453D9001EB865 /* landmarkData.json */; };
		DC12302D290459F2001EB865 /* LandmarkRow.swift in Sources */ = {isa = PBXBuildFile; fileRef = DC12302C290459F2001EB865 /* LandmarkRow.swift */; };
		DC12302F29045BE8001EB865 /* LandmarkList.swift in Sources */ = {isa = PBXBuildFile; fileRef = DC12302E29045BE8001EB865 /* LandmarkList.swift */; };
		DC12303129045E6C001EB865 /* LandmarkDetail.swift in Sources */ = {isa = PBXBuildFile; fileRef = DC12303029045E6C001EB865 /* LandmarkDetail.swift */; };
		DC1230332905372C001EB865 /* FavoriteButton.swift in Sources */ = {isa = PBXBuildFile; fileRef = DC1230322905372C001EB865 /* FavoriteButton.swift */; };
		DC12303729054178001EB865 /* HexagonParameters.swift in Sources */ = {isa = PBXBuildFile; fileRef = DC12303629054178001EB865 /* HexagonParameters.swift */; };
		DC123039290544C2001EB865 /* BadgeBackground.swift in Sources */ = {isa = PBXBuildFile; fileRef = DC123038290544C2001EB865 /* BadgeBackground.swift */; };
		DC12306229054DCE001EB865 /* BadgeSymbol.swift in Sources */ = {isa = PBXBuildFile; fileRef = DC12306129054DCE001EB865 /* BadgeSymbol.swift */; };
		DC12306429055183001EB865 /* RotatedBadgeSymbol.swift in Sources */ = {isa = PBXBuildFile; fileRef = DC12306329055183001EB865 /* RotatedBadgeSymbol.swift */; };
		DC12306629055249001EB865 /* Badge.swift in Sources */ = {isa = PBXBuildFile; fileRef = DC12306529055249001EB865 /* Badge.swift */; };
		DC12306929055703001EB865 /* hikeData.json in Resources */ = {isa = PBXBuildFile; fileRef = DC12306829055703001EB865 /* hikeData.json */; };
		DC12306B29055729001EB865 /* Hike.swift in Sources */ = {isa = PBXBuildFile; fileRef = DC12306A29055729001EB865 /* Hike.swift */; };
		DC123071290559B8001EB865 /* GraphCapsule.swift in Sources */ = {isa = PBXBuildFile; fileRef = DC12306D290559B8001EB865 /* GraphCapsule.swift */; };
		DC123072290559B8001EB865 /* HikeGraph.swift in Sources */ = {isa = PBXBuildFile; fileRef = DC12306E290559B8001EB865 /* HikeGraph.swift */; };
		DC123073290559B8001EB865 /* HikeDetail.swift in Sources */ = {isa = PBXBuildFile; fileRef = DC12306F290559B8001EB865 /* HikeDetail.swift */; };
		DC123074290559B8001EB865 /* HikeView.swift in Sources */ = {isa = PBXBuildFile; fileRef = DC123070290559B8001EB865 /* HikeView.swift */; };
		DC12307729056BBD001EB865 /* CategoryHome.swift in Sources */ = {isa = PBXBuildFile; fileRef = DC12307629056BBD001EB865 /* CategoryHome.swift */; };
		DC123079290578FB001EB865 /* CategoryRow.swift in Sources */ = {isa = PBXBuildFile; fileRef = DC123078290578FB001EB865 /* CategoryRow.swift */; };
		DC12307B29057BD7001EB865 /* CategoryItem.swift in Sources */ = {isa = PBXBuildFile; fileRef = DC12307A29057BD7001EB865 /* CategoryItem.swift */; };
		DC12307D290593BC001EB865 /* Profile.swift in Sources */ = {isa = PBXBuildFile; fileRef = DC12307C290593BC001EB865 /* Profile.swift */; };
		DC12307F290594F1001EB865 /* ProfileHost.swift in Sources */ = {isa = PBXBuildFile; fileRef = DC12307E290594F1001EB865 /* ProfileHost.swift */; };
		DC123082290595CB001EB865 /* ProfileSummary.swift in Sources */ = {isa = PBXBuildFile; fileRef = DC123081290595CB001EB865 /* ProfileSummary.swift */; };
		DC123084290598EE001EB865 /* HikeBadge.swift in Sources */ = {isa = PBXBuildFile; fileRef = DC123083290598EE001EB865 /* HikeBadge.swift */; };
/* End PBXBuildFile section */

/* Begin PBXFileReference section */
		8D751436292124860057E1D2 /* ProfileEditor.swift */ = {isa = PBXFileReference; lastKnownFileType = sourcecode.swift; path = ProfileEditor.swift; sourceTree = "<group>"; };
		8DDEC14E29217AEB00EB7169 /* PageViewController.swift */ = {isa = PBXFileReference; lastKnownFileType = sourcecode.swift; path = PageViewController.swift; sourceTree = "<group>"; };
		8DDEC1502921801A00EB7169 /* FeatureCard.swift */ = {isa = PBXFileReference; lastKnownFileType = sourcecode.swift; path = FeatureCard.swift; sourceTree = "<group>"; };
		8DDEC1522921855700EB7169 /* PageView.swift */ = {isa = PBXFileReference; lastKnownFileType = sourcecode.swift; path = PageView.swift; sourceTree = "<group>"; };
		DC12300629043E10001EB865 /* Landmarks.app */ = {isa = PBXFileReference; explicitFileType = wrapper.application; includeInIndex = 0; path = Landmarks.app; sourceTree = BUILT_PRODUCTS_DIR; };
		DC12300929043E10001EB865 /* LandmarksApp.swift */ = {isa = PBXFileReference; lastKnownFileType = sourcecode.swift; path = LandmarksApp.swift; sourceTree = "<group>"; };
		DC12300B29043E10001EB865 /* ContentView.swift */ = {isa = PBXFileReference; lastKnownFileType = sourcecode.swift; path = ContentView.swift; sourceTree = "<group>"; };
		DC12300D29043E12001EB865 /* Assets.xcassets */ = {isa = PBXFileReference; lastKnownFileType = folder.assetcatalog; path = Assets.xcassets; sourceTree = "<group>"; };
		DC12301029043E12001EB865 /* Preview Assets.xcassets */ = {isa = PBXFileReference; lastKnownFileType = folder.assetcatalog; path = "Preview Assets.xcassets"; sourceTree = "<group>"; };
		DC12301729044A10001EB865 /* CircleImage.swift */ = {isa = PBXFileReference; lastKnownFileType = sourcecode.swift; path = CircleImage.swift; sourceTree = "<group>"; };
		DC12301929044A73001EB865 /* MapView.swift */ = {isa = PBXFileReference; lastKnownFileType = sourcecode.swift; path = MapView.swift; sourceTree = "<group>"; };
		DC12301D29044C6A001EB865 /* Landmark.swift */ = {isa = PBXFileReference; lastKnownFileType = sourcecode.swift; path = Landmark.swift; sourceTree = "<group>"; };
		DC12301F29044E6B001EB865 /* ModelData.swift */ = {isa = PBXFileReference; lastKnownFileType = sourcecode.swift; path = ModelData.swift; sourceTree = "<group>"; };
		DC123026290453D9001EB865 /* landmarkData.json */ = {isa = PBXFileReference; fileEncoding = 4; lastKnownFileType = text.json; name = landmarkData.json; path = BuildingListsAndNavigation/Resources/landmarkData.json; sourceTree = SOURCE_ROOT; };
		DC12302C290459F2001EB865 /* LandmarkRow.swift */ = {isa = PBXFileReference; lastKnownFileType = sourcecode.swift; path = LandmarkRow.swift; sourceTree = "<group>"; };
		DC12302E29045BE8001EB865 /* LandmarkList.swift */ = {isa = PBXFileReference; lastKnownFileType = sourcecode.swift; path = LandmarkList.swift; sourceTree = "<group>"; };
		DC12303029045E6C001EB865 /* LandmarkDetail.swift */ = {isa = PBXFileReference; lastKnownFileType = sourcecode.swift; path = LandmarkDetail.swift; sourceTree = "<group>"; };
		DC1230322905372C001EB865 /* FavoriteButton.swift */ = {isa = PBXFileReference; lastKnownFileType = sourcecode.swift; path = FavoriteButton.swift; sourceTree = "<group>"; };
		DC12303629054178001EB865 /* HexagonParameters.swift */ = {isa = PBXFileReference; lastKnownFileType = sourcecode.swift; path = HexagonParameters.swift; sourceTree = "<group>"; };
		DC123038290544C2001EB865 /* BadgeBackground.swift */ = {isa = PBXFileReference; lastKnownFileType = sourcecode.swift; path = BadgeBackground.swift; sourceTree = "<group>"; };
		DC12306129054DCE001EB865 /* BadgeSymbol.swift */ = {isa = PBXFileReference; lastKnownFileType = sourcecode.swift; path = BadgeSymbol.swift; sourceTree = "<group>"; };
		DC12306329055183001EB865 /* RotatedBadgeSymbol.swift */ = {isa = PBXFileReference; lastKnownFileType = sourcecode.swift; path = RotatedBadgeSymbol.swift; sourceTree = "<group>"; };
		DC12306529055249001EB865 /* Badge.swift */ = {isa = PBXFileReference; lastKnownFileType = sourcecode.swift; path = Badge.swift; sourceTree = "<group>"; };
		DC12306829055703001EB865 /* hikeData.json */ = {isa = PBXFileReference; fileEncoding = 4; lastKnownFileType = text.json; name = hikeData.json; path = AnimatingViewsAndTransitions/Resources/hikeData.json; sourceTree = SOURCE_ROOT; };
		DC12306A29055729001EB865 /* Hike.swift */ = {isa = PBXFileReference; lastKnownFileType = sourcecode.swift; path = Hike.swift; sourceTree = "<group>"; };
		DC12306D290559B8001EB865 /* GraphCapsule.swift */ = {isa = PBXFileReference; fileEncoding = 4; lastKnownFileType = sourcecode.swift; path = GraphCapsule.swift; sourceTree = "<group>"; };
		DC12306E290559B8001EB865 /* HikeGraph.swift */ = {isa = PBXFileReference; fileEncoding = 4; lastKnownFileType = sourcecode.swift; path = HikeGraph.swift; sourceTree = "<group>"; };
		DC12306F290559B8001EB865 /* HikeDetail.swift */ = {isa = PBXFileReference; fileEncoding = 4; lastKnownFileType = sourcecode.swift; path = HikeDetail.swift; sourceTree = "<group>"; };
		DC123070290559B8001EB865 /* HikeView.swift */ = {isa = PBXFileReference; fileEncoding = 4; lastKnownFileType = sourcecode.swift; path = HikeView.swift; sourceTree = "<group>"; };
		DC12307629056BBD001EB865 /* CategoryHome.swift */ = {isa = PBXFileReference; lastKnownFileType = sourcecode.swift; path = CategoryHome.swift; sourceTree = "<group>"; };
		DC123078290578FB001EB865 /* CategoryRow.swift */ = {isa = PBXFileReference; lastKnownFileType = sourcecode.swift; path = CategoryRow.swift; sourceTree = "<group>"; };
		DC12307A29057BD7001EB865 /* CategoryItem.swift */ = {isa = PBXFileReference; lastKnownFileType = sourcecode.swift; path = CategoryItem.swift; sourceTree = "<group>"; };
		DC12307C290593BC001EB865 /* Profile.swift */ = {isa = PBXFileReference; lastKnownFileType = sourcecode.swift; path = Profile.swift; sourceTree = "<group>"; };
		DC12307E290594F1001EB865 /* ProfileHost.swift */ = {isa = PBXFileReference; lastKnownFileType = sourcecode.swift; path = ProfileHost.swift; sourceTree = "<group>"; };
		DC123081290595CB001EB865 /* ProfileSummary.swift */ = {isa = PBXFileReference; lastKnownFileType = sourcecode.swift; path = ProfileSummary.swift; sourceTree = "<group>"; };
		DC123083290598EE001EB865 /* HikeBadge.swift */ = {isa = PBXFileReference; lastKnownFileType = sourcecode.swift; path = HikeBadge.swift; sourceTree = "<group>"; };
/* End PBXFileReference section */

/* Begin PBXFrameworksBuildPhase section */
		DC12300329043E10001EB865 /* Frameworks */ = {
			isa = PBXFrameworksBuildPhase;
			buildActionMask = 2147483647;
			files = (
			);
			runOnlyForDeploymentPostprocessing = 0;
		};
/* End PBXFrameworksBuildPhase section */

/* Begin PBXGroup section */
		8DDEC14D29217A9C00EB7169 /* PageView */ = {
			isa = PBXGroup;
			children = (
				8DDEC14E29217AEB00EB7169 /* PageViewController.swift */,
				8DDEC1522921855700EB7169 /* PageView.swift */,
			);
			path = PageView;
			sourceTree = "<group>";
		};
		DC122FFD29043E10001EB865 = {
			isa = PBXGroup;
			children = (
				DC12300829043E10001EB865 /* Landmarks */,
				DC12300729043E10001EB865 /* Products */,
			);
			sourceTree = "<group>";
		};
		DC12300729043E10001EB865 /* Products */ = {
			isa = PBXGroup;
			children = (
				DC12300629043E10001EB865 /* Landmarks.app */,
			);
			name = Products;
			sourceTree = "<group>";
		};
		DC12300829043E10001EB865 /* Landmarks */ = {
			isa = PBXGroup;
			children = (
				DC12300929043E10001EB865 /* LandmarksApp.swift */,
				DC12302329044F20001EB865 /* Model */,
				DC12302229044EFC001EB865 /* Resources */,
				DC12302129044EDC001EB865 /* Views */,
				DC12300D29043E12001EB865 /* Assets.xcassets */,
				DC12300F29043E12001EB865 /* Preview Content */,
			);
			path = Landmarks;
			sourceTree = "<group>";
		};
		DC12300F29043E12001EB865 /* Preview Content */ = {
			isa = PBXGroup;
			children = (
				DC12301029043E12001EB865 /* Preview Assets.xcassets */,
			);
			path = "Preview Content";
			sourceTree = "<group>";
		};
		DC12302129044EDC001EB865 /* Views */ = {
			isa = PBXGroup;
			children = (
				DC12300B29043E10001EB865 /* ContentView.swift */,
				8DDEC14D29217A9C00EB7169 /* PageView */,
				DC1230802905950F001EB865 /* Profiles */,
				DC12307529056B9B001EB865 /* Categories */,
				DC12306C290559B8001EB865 /* Hikes */,
				DC12306729055499001EB865 /* Badges */,
				DC12303529053CC4001EB865 /* Landmarks */,
				DC12303429053CA1001EB865 /* Helpers */,
				8DDEC1502921801A00EB7169 /* FeatureCard.swift */,
			);
			path = Views;
			sourceTree = "<group>";
		};
		DC12302229044EFC001EB865 /* Resources */ = {
			isa = PBXGroup;
			children = (
				DC12306829055703001EB865 /* hikeData.json */,
				DC123026290453D9001EB865 /* landmarkData.json */,
				DC12306D290559B8001EB865 /* GraphCapsule.swift */,
			);
			path = Resources;
			sourceTree = "<group>";
		};
		DC12302329044F20001EB865 /* Model */ = {
			isa = PBXGroup;
			children = (
				DC12301F29044E6B001EB865 /* ModelData.swift */,
				DC12301D29044C6A001EB865 /* Landmark.swift */,
				DC12306A29055729001EB865 /* Hike.swift */,
				DC12307C290593BC001EB865 /* Profile.swift */,
			);
			path = Model;
			sourceTree = "<group>";
		};
		DC12303429053CA1001EB865 /* Helpers */ = {
			isa = PBXGroup;
			children = (
				DC12301729044A10001EB865 /* CircleImage.swift */,
				DC12301929044A73001EB865 /* MapView.swift */,
				DC1230322905372C001EB865 /* FavoriteButton.swift */,
			);
			path = Helpers;
			sourceTree = "<group>";
		};
		DC12303529053CC4001EB865 /* Landmarks */ = {
			isa = PBXGroup;
			children = (
				DC12303029045E6C001EB865 /* LandmarkDetail.swift */,
				DC12302E29045BE8001EB865 /* LandmarkList.swift */,
				DC12302C290459F2001EB865 /* LandmarkRow.swift */,
			);
			path = Landmarks;
			sourceTree = "<group>";
		};
		DC12306729055499001EB865 /* Badges */ = {
			isa = PBXGroup;
			children = (
				DC12306529055249001EB865 /* Badge.swift */,
				DC123038290544C2001EB865 /* BadgeBackground.swift */,
				DC12306129054DCE001EB865 /* BadgeSymbol.swift */,
				DC12306329055183001EB865 /* RotatedBadgeSymbol.swift */,
				DC12303629054178001EB865 /* HexagonParameters.swift */,
			);
			path = Badges;
			sourceTree = "<group>";
		};
		DC12306C290559B8001EB865 /* Hikes */ = {
			isa = PBXGroup;
			children = (
				DC12306E290559B8001EB865 /* HikeGraph.swift */,
				DC12306F290559B8001EB865 /* HikeDetail.swift */,
				DC123070290559B8001EB865 /* HikeView.swift */,
				DC123083290598EE001EB865 /* HikeBadge.swift */,
			);
			name = Hikes;
			path = AnimatingViewsAndTransitions/Resources/Hikes;
			sourceTree = SOURCE_ROOT;
		};
		DC12307529056B9B001EB865 /* Categories */ = {
			isa = PBXGroup;
			children = (
				DC123078290578FB001EB865 /* CategoryRow.swift */,
				DC12307A29057BD7001EB865 /* CategoryItem.swift */,
				DC12307629056BBD001EB865 /* CategoryHome.swift */,
			);
			path = Categories;
			sourceTree = "<group>";
		};
		DC1230802905950F001EB865 /* Profiles */ = {
			isa = PBXGroup;
			children = (
				DC12307E290594F1001EB865 /* ProfileHost.swift */,
				DC123081290595CB001EB865 /* ProfileSummary.swift */,
				8D751436292124860057E1D2 /* ProfileEditor.swift */,
			);
			path = Profiles;
			sourceTree = "<group>";
		};
/* End PBXGroup section */

/* Begin PBXNativeTarget section */
		DC12300529043E10001EB865 /* Landmarks */ = {
			isa = PBXNativeTarget;
			buildConfigurationList = DC12301429043E12001EB865 /* Build configuration list for PBXNativeTarget "Landmarks" */;
			buildPhases = (
				DC12300229043E10001EB865 /* Sources */,
				DC12300329043E10001EB865 /* Frameworks */,
				DC12300429043E10001EB865 /* Resources */,
			);
			buildRules = (
			);
			dependencies = (
			);
			name = Landmarks;
			productName = Landmarks;
			productReference = DC12300629043E10001EB865 /* Landmarks.app */;
			productType = "com.apple.product-type.application";
		};
/* End PBXNativeTarget section */

/* Begin PBXProject section */
		DC122FFE29043E10001EB865 /* Project object */ = {
			isa = PBXProject;
			attributes = {
				BuildIndependentTargetsInParallel = 1;
				LastSwiftUpdateCheck = 1400;
				LastUpgradeCheck = 1400;
				TargetAttributes = {
					DC12300529043E10001EB865 = {
						CreatedOnToolsVersion = 14.0.1;
					};
				};
			};
			buildConfigurationList = DC12300129043E10001EB865 /* Build configuration list for PBXProject "Landmarks" */;
			compatibilityVersion = "Xcode 14.0";
			developmentRegion = en;
			hasScannedForEncodings = 0;
			knownRegions = (
				en,
				Base,
			);
			mainGroup = DC122FFD29043E10001EB865;
			productRefGroup = DC12300729043E10001EB865 /* Products */;
			projectDirPath = "";
			projectRoot = "";
			targets = (
				DC12300529043E10001EB865 /* Landmarks */,
			);
		};
/* End PBXProject section */

/* Begin PBXResourcesBuildPhase section */
		DC12300429043E10001EB865 /* Resources */ = {
			isa = PBXResourcesBuildPhase;
			buildActionMask = 2147483647;
			files = (
				DC12306929055703001EB865 /* hikeData.json in Resources */,
				DC12301129043E12001EB865 /* Preview Assets.xcassets in Resources */,
				DC12300E29043E12001EB865 /* Assets.xcassets in Resources */,
				DC123027290453D9001EB865 /* landmarkData.json in Resources */,
			);
			runOnlyForDeploymentPostprocessing = 0;
		};
/* End PBXResourcesBuildPhase section */

/* Begin PBXSourcesBuildPhase section */
		DC12300229043E10001EB865 /* Sources */ = {
			isa = PBXSourcesBuildPhase;
			buildActionMask = 2147483647;
			files = (
				DC123079290578FB001EB865 /* CategoryRow.swift in Sources */,
				DC12307D290593BC001EB865 /* Profile.swift in Sources */,
				DC12300C29043E10001EB865 /* ContentView.swift in Sources */,
				DC12307729056BBD001EB865 /* CategoryHome.swift in Sources */,
				8DDEC1512921801A00EB7169 /* FeatureCard.swift in Sources */,
				DC123072290559B8001EB865 /* HikeGraph.swift in Sources */,
				DC12306629055249001EB865 /* Badge.swift in Sources */,
				DC12301A29044A73001EB865 /* MapView.swift in Sources */,
				DC123071290559B8001EB865 /* GraphCapsule.swift in Sources */,
				DC12300A29043E10001EB865 /* LandmarksApp.swift in Sources */,
				DC1230332905372C001EB865 /* FavoriteButton.swift in Sources */,
				DC12307B29057BD7001EB865 /* CategoryItem.swift in Sources */,
				DC123073290559B8001EB865 /* HikeDetail.swift in Sources */,
				DC123082290595CB001EB865 /* ProfileSummary.swift in Sources */,
				DC12302F29045BE8001EB865 /* LandmarkList.swift in Sources */,
				DC12307F290594F1001EB865 /* ProfileHost.swift in Sources */,
				DC12306B29055729001EB865 /* Hike.swift in Sources */,
				DC12306429055183001EB865 /* RotatedBadgeSymbol.swift in Sources */,
				8DDEC1532921855700EB7169 /* PageView.swift in Sources */,
				DC12306229054DCE001EB865 /* BadgeSymbol.swift in Sources */,
				8D751437292124860057E1D2 /* ProfileEditor.swift in Sources */,
				DC12303129045E6C001EB865 /* LandmarkDetail.swift in Sources */,
				DC123074290559B8001EB865 /* HikeView.swift in Sources */,
				DC12301829044A10001EB865 /* CircleImage.swift in Sources */,
				8DDEC14F29217AEB00EB7169 /* PageViewController.swift in Sources */,
				DC123039290544C2001EB865 /* BadgeBackground.swift in Sources */,
				DC123084290598EE001EB865 /* HikeBadge.swift in Sources */,
				DC12301E29044C6A001EB865 /* Landmark.swift in Sources */,
				DC12302D290459F2001EB865 /* LandmarkRow.swift in Sources */,
				DC12303729054178001EB865 /* HexagonParameters.swift in Sources */,
				DC12302029044E6B001EB865 /* ModelData.swift in Sources */,
			);
			runOnlyForDeploymentPostprocessing = 0;
		};
/* End PBXSourcesBuildPhase section */

/* Begin XCBuildConfiguration section */
		DC12301229043E12001EB865 /* Debug */ = {
			isa = XCBuildConfiguration;
			buildSettings = {
				ALWAYS_SEARCH_USER_PATHS = NO;
				CLANG_ANALYZER_NONNULL = YES;
				CLANG_ANALYZER_NUMBER_OBJECT_CONVERSION = YES_AGGRESSIVE;
				CLANG_CXX_LANGUAGE_STANDARD = "gnu++20";
				CLANG_ENABLE_MODULES = YES;
				CLANG_ENABLE_OBJC_ARC = YES;
				CLANG_ENABLE_OBJC_WEAK = YES;
				CLANG_WARN_BLOCK_CAPTURE_AUTORELEASING = YES;
				CLANG_WARN_BOOL_CONVERSION = YES;
				CLANG_WARN_COMMA = YES;
				CLANG_WARN_CONSTANT_CONVERSION = YES;
				CLANG_WARN_DEPRECATED_OBJC_IMPLEMENTATIONS = YES;
				CLANG_WARN_DIRECT_OBJC_ISA_USAGE = YES_ERROR;
				CLANG_WARN_DOCUMENTATION_COMMENTS = YES;
				CLANG_WARN_EMPTY_BODY = YES;
				CLANG_WARN_ENUM_CONVERSION = YES;
				CLANG_WARN_INFINITE_RECURSION = YES;
				CLANG_WARN_INT_CONVERSION = YES;
				CLANG_WARN_NON_LITERAL_NULL_CONVERSION = YES;
				CLANG_WARN_OBJC_IMPLICIT_RETAIN_SELF = YES;
				CLANG_WARN_OBJC_LITERAL_CONVERSION = YES;
				CLANG_WARN_OBJC_ROOT_CLASS = YES_ERROR;
				CLANG_WARN_QUOTED_INCLUDE_IN_FRAMEWORK_HEADER = YES;
				CLANG_WARN_RANGE_LOOP_ANALYSIS = YES;
				CLANG_WARN_STRICT_PROTOTYPES = YES;
				CLANG_WARN_SUSPICIOUS_MOVE = YES;
				CLANG_WARN_UNGUARDED_AVAILABILITY = YES_AGGRESSIVE;
				CLANG_WARN_UNREACHABLE_CODE = YES;
				CLANG_WARN__DUPLICATE_METHOD_MATCH = YES;
				COPY_PHASE_STRIP = NO;
				DEBUG_INFORMATION_FORMAT = dwarf;
				ENABLE_STRICT_OBJC_MSGSEND = YES;
				ENABLE_TESTABILITY = YES;
				GCC_C_LANGUAGE_STANDARD = gnu11;
				GCC_DYNAMIC_NO_PIC = NO;
				GCC_NO_COMMON_BLOCKS = YES;
				GCC_OPTIMIZATION_LEVEL = 0;
				GCC_PREPROCESSOR_DEFINITIONS = (
					"DEBUG=1",
					"$(inherited)",
				);
				GCC_WARN_64_TO_32_BIT_CONVERSION = YES;
				GCC_WARN_ABOUT_RETURN_TYPE = YES_ERROR;
				GCC_WARN_UNDECLARED_SELECTOR = YES;
				GCC_WARN_UNINITIALIZED_AUTOS = YES_AGGRESSIVE;
				GCC_WARN_UNUSED_FUNCTION = YES;
				GCC_WARN_UNUSED_VARIABLE = YES;
				IPHONEOS_DEPLOYMENT_TARGET = 16.0;
				MTL_ENABLE_DEBUG_INFO = INCLUDE_SOURCE;
				MTL_FAST_MATH = YES;
				ONLY_ACTIVE_ARCH = YES;
				SDKROOT = iphoneos;
				SWIFT_ACTIVE_COMPILATION_CONDITIONS = DEBUG;
				SWIFT_OPTIMIZATION_LEVEL = "-Onone";
			};
			name = Debug;
		};
		DC12301329043E12001EB865 /* Release */ = {
			isa = XCBuildConfiguration;
			buildSettings = {
				ALWAYS_SEARCH_USER_PATHS = NO;
				CLANG_ANALYZER_NONNULL = YES;
				CLANG_ANALYZER_NUMBER_OBJECT_CONVERSION = YES_AGGRESSIVE;
				CLANG_CXX_LANGUAGE_STANDARD = "gnu++20";
				CLANG_ENABLE_MODULES = YES;
				CLANG_ENABLE_OBJC_ARC = YES;
				CLANG_ENABLE_OBJC_WEAK = YES;
				CLANG_WARN_BLOCK_CAPTURE_AUTORELEASING = YES;
				CLANG_WARN_BOOL_CONVERSION = YES;
				CLANG_WARN_COMMA = YES;
				CLANG_WARN_CONSTANT_CONVERSION = YES;
				CLANG_WARN_DEPRECATED_OBJC_IMPLEMENTATIONS = YES;
				CLANG_WARN_DIRECT_OBJC_ISA_USAGE = YES_ERROR;
				CLANG_WARN_DOCUMENTATION_COMMENTS = YES;
				CLANG_WARN_EMPTY_BODY = YES;
				CLANG_WARN_ENUM_CONVERSION = YES;
				CLANG_WARN_INFINITE_RECURSION = YES;
				CLANG_WARN_INT_CONVERSION = YES;
				CLANG_WARN_NON_LITERAL_NULL_CONVERSION = YES;
				CLANG_WARN_OBJC_IMPLICIT_RETAIN_SELF = YES;
				CLANG_WARN_OBJC_LITERAL_CONVERSION = YES;
				CLANG_WARN_OBJC_ROOT_CLASS = YES_ERROR;
				CLANG_WARN_QUOTED_INCLUDE_IN_FRAMEWORK_HEADER = YES;
				CLANG_WARN_RANGE_LOOP_ANALYSIS = YES;
				CLANG_WARN_STRICT_PROTOTYPES = YES;
				CLANG_WARN_SUSPICIOUS_MOVE = YES;
				CLANG_WARN_UNGUARDED_AVAILABILITY = YES_AGGRESSIVE;
				CLANG_WARN_UNREACHABLE_CODE = YES;
				CLANG_WARN__DUPLICATE_METHOD_MATCH = YES;
				COPY_PHASE_STRIP = NO;
				DEBUG_INFORMATION_FORMAT = "dwarf-with-dsym";
				ENABLE_NS_ASSERTIONS = NO;
				ENABLE_STRICT_OBJC_MSGSEND = YES;
				GCC_C_LANGUAGE_STANDARD = gnu11;
				GCC_NO_COMMON_BLOCKS = YES;
				GCC_WARN_64_TO_32_BIT_CONVERSION = YES;
				GCC_WARN_ABOUT_RETURN_TYPE = YES_ERROR;
				GCC_WARN_UNDECLARED_SELECTOR = YES;
				GCC_WARN_UNINITIALIZED_AUTOS = YES_AGGRESSIVE;
				GCC_WARN_UNUSED_FUNCTION = YES;
				GCC_WARN_UNUSED_VARIABLE = YES;
				IPHONEOS_DEPLOYMENT_TARGET = 16.0;
				MTL_ENABLE_DEBUG_INFO = NO;
				MTL_FAST_MATH = YES;
				SDKROOT = iphoneos;
				SWIFT_COMPILATION_MODE = wholemodule;
				SWIFT_OPTIMIZATION_LEVEL = "-O";
				VALIDATE_PRODUCT = YES;
			};
			name = Release;
		};
		DC12301529043E12001EB865 /* Debug */ = {
			isa = XCBuildConfiguration;
			buildSettings = {
				ASSETCATALOG_COMPILER_APPICON_NAME = AppIcon;
				ASSETCATALOG_COMPILER_GLOBAL_ACCENT_COLOR_NAME = AccentColor;
				CODE_SIGN_STYLE = Automatic;
				CURRENT_PROJECT_VERSION = 1;
				DEVELOPMENT_ASSET_PATHS = "\"Landmarks/Preview Content\"";
				DEVELOPMENT_TEAM = XQ4785987Y;
				ENABLE_PREVIEWS = YES;
				GENERATE_INFOPLIST_FILE = YES;
				INFOPLIST_KEY_UIApplicationSceneManifest_Generation = YES;
				INFOPLIST_KEY_UIApplicationSupportsIndirectInputEvents = YES;
				INFOPLIST_KEY_UILaunchScreen_Generation = YES;
				INFOPLIST_KEY_UISupportedInterfaceOrientations_iPad = "UIInterfaceOrientationPortrait UIInterfaceOrientationPortraitUpsideDown UIInterfaceOrientationLandscapeLeft UIInterfaceOrientationLandscapeRight";
				INFOPLIST_KEY_UISupportedInterfaceOrientations_iPhone = "UIInterfaceOrientationPortrait UIInterfaceOrientationLandscapeLeft UIInterfaceOrientationLandscapeRight";
				LD_RUNPATH_SEARCH_PATHS = (
					"$(inherited)",
					"@executable_path/Frameworks",
				);
				MARKETING_VERSION = 1.0;
				PRODUCT_BUNDLE_IDENTIFIER = com.dfr3sh.Landmarks;
				PRODUCT_NAME = "$(TARGET_NAME)";
				SWIFT_EMIT_LOC_STRINGS = YES;
				SWIFT_VERSION = 5.0;
				TARGETED_DEVICE_FAMILY = "1,2";
			};
			name = Debug;
		};
		DC12301629043E12001EB865 /* Release */ = {
			isa = XCBuildConfiguration;
			buildSettings = {
				ASSETCATALOG_COMPILER_APPICON_NAME = AppIcon;
				ASSETCATALOG_COMPILER_GLOBAL_ACCENT_COLOR_NAME = AccentColor;
				CODE_SIGN_STYLE = Automatic;
				CURRENT_PROJECT_VERSION = 1;
				DEVELOPMENT_ASSET_PATHS = "\"Landmarks/Preview Content\"";
				DEVELOPMENT_TEAM = XQ4785987Y;
				ENABLE_PREVIEWS = YES;
				GENERATE_INFOPLIST_FILE = YES;
				INFOPLIST_KEY_UIApplicationSceneManifest_Generation = YES;
				INFOPLIST_KEY_UIApplicationSupportsIndirectInputEvents = YES;
				INFOPLIST_KEY_UILaunchScreen_Generation = YES;
				INFOPLIST_KEY_UISupportedInterfaceOrientations_iPad = "UIInterfaceOrientationPortrait UIInterfaceOrientationPortraitUpsideDown UIInterfaceOrientationLandscapeLeft UIInterfaceOrientationLandscapeRight";
				INFOPLIST_KEY_UISupportedInterfaceOrientations_iPhone = "UIInterfaceOrientationPortrait UIInterfaceOrientationLandscapeLeft UIInterfaceOrientationLandscapeRight";
				LD_RUNPATH_SEARCH_PATHS = (
					"$(inherited)",
					"@executable_path/Frameworks",
				);
				MARKETING_VERSION = 1.0;
				PRODUCT_BUNDLE_IDENTIFIER = com.dfr3sh.Landmarks;
				PRODUCT_NAME = "$(TARGET_NAME)";
				SWIFT_EMIT_LOC_STRINGS = YES;
				SWIFT_VERSION = 5.0;
				TARGETED_DEVICE_FAMILY = "1,2";
			};
			name = Release;
		};
/* End XCBuildConfiguration section */

/* Begin XCConfigurationList section */
		DC12300129043E10001EB865 /* Build configuration list for PBXProject "Landmarks" */ = {
			isa = XCConfigurationList;
			buildConfigurations = (
				DC12301229043E12001EB865 /* Debug */,
				DC12301329043E12001EB865 /* Release */,
			);
			defaultConfigurationIsVisible = 0;
			defaultConfigurationName = Release;
		};
		DC12301429043E12001EB865 /* Build configuration list for PBXNativeTarget "Landmarks" */ = {
			isa = XCConfigurationList;
			buildConfigurations = (
				DC12301529043E12001EB865 /* Debug */,
				DC12301629043E12001EB865 /* Release */,
			);
			defaultConfigurationIsVisible = 0;
			defaultConfigurationName = Release;
		};
/* End XCConfigurationList section */
	};
	rootObject = DC122FFE29043E10001EB865 /* Project object */;
}
